// !$*UTF8*$!
{
	archiveVersion = 1;
	classes = {
	};
	objectVersion = 56;
	objects = {

/* Begin PBXBuildFile section */
		CD0061412A8942E400714988 /* Kingfisher in Frameworks */ = {isa = PBXBuildFile; productRef = CD0061402A8942E400714988 /* Kingfisher */; };
		CD0061442A894C8A00714988 /* ViewModel.swift in Sources */ = {isa = PBXBuildFile; fileRef = CD0061432A894C8A00714988 /* ViewModel.swift */; };
		CD0061462A894E9D00714988 /* Mapper.swift in Sources */ = {isa = PBXBuildFile; fileRef = CD0061452A894E9D00714988 /* Mapper.swift */; };
		CD20ED372A88519300516079 /* MovieCellView.swift in Sources */ = {isa = PBXBuildFile; fileRef = CD20ED362A88519300516079 /* MovieCellView.swift */; };
		CDF18DE02A8713D00027E1FD /* AppDelegate.swift in Sources */ = {isa = PBXBuildFile; fileRef = CDF18DDF2A8713D00027E1FD /* AppDelegate.swift */; };
		CDF18DE22A8713D00027E1FD /* SceneDelegate.swift in Sources */ = {isa = PBXBuildFile; fileRef = CDF18DE12A8713D00027E1FD /* SceneDelegate.swift */; };
		CDF18DE42A8713D00027E1FD /* ViewController.swift in Sources */ = {isa = PBXBuildFile; fileRef = CDF18DE32A8713D00027E1FD /* ViewController.swift */; };
		CDF18DE92A8713D10027E1FD /* Assets.xcassets in Resources */ = {isa = PBXBuildFile; fileRef = CDF18DE82A8713D10027E1FD /* Assets.xcassets */; };
		CDF18DEC2A8713D10027E1FD /* LaunchScreen.storyboard in Resources */ = {isa = PBXBuildFile; fileRef = CDF18DEA2A8713D10027E1FD /* LaunchScreen.storyboard */; };
		CDF18DF52A8714040027E1FD /* ListOfMoviesView.swift in Sources */ = {isa = PBXBuildFile; fileRef = CDF18DF42A8714040027E1FD /* ListOfMoviesView.swift */; };
		CDF18DF72A8714110027E1FD /* ListOfMoviesPresenter.swift in Sources */ = {isa = PBXBuildFile; fileRef = CDF18DF62A8714110027E1FD /* ListOfMoviesPresenter.swift */; };
		CDF18DF92A87141E0027E1FD /* ListOfMoviesInteractor.swift in Sources */ = {isa = PBXBuildFile; fileRef = CDF18DF82A87141E0027E1FD /* ListOfMoviesInteractor.swift */; };
		CDF18DFB2A8714290027E1FD /* ListOfMoviesRouter.swift in Sources */ = {isa = PBXBuildFile; fileRef = CDF18DFA2A8714290027E1FD /* ListOfMoviesRouter.swift */; };
		CDF18DFE2A8714760027E1FD /* PopularMovieEntity.swift in Sources */ = {isa = PBXBuildFile; fileRef = CDF18DFD2A8714760027E1FD /* PopularMovieEntity.swift */; };
		CDF18E002A87153D0027E1FD /* PopularMovieResponseEntity.swift in Sources */ = {isa = PBXBuildFile; fileRef = CDF18DFF2A87153D0027E1FD /* PopularMovieResponseEntity.swift */; };
/* End PBXBuildFile section */

/* Begin PBXFileReference section */
		CD0061432A894C8A00714988 /* ViewModel.swift */ = {isa = PBXFileReference; lastKnownFileType = sourcecode.swift; path = ViewModel.swift; sourceTree = "<group>"; };
		CD0061452A894E9D00714988 /* Mapper.swift */ = {isa = PBXFileReference; lastKnownFileType = sourcecode.swift; path = Mapper.swift; sourceTree = "<group>"; };
		CD20ED362A88519300516079 /* MovieCellView.swift */ = {isa = PBXFileReference; lastKnownFileType = sourcecode.swift; path = MovieCellView.swift; sourceTree = "<group>"; };
		CDF18DDC2A8713D00027E1FD /* Viper.app */ = {isa = PBXFileReference; explicitFileType = wrapper.application; includeInIndex = 0; path = Viper.app; sourceTree = BUILT_PRODUCTS_DIR; };
		CDF18DDF2A8713D00027E1FD /* AppDelegate.swift */ = {isa = PBXFileReference; lastKnownFileType = sourcecode.swift; path = AppDelegate.swift; sourceTree = "<group>"; };
		CDF18DE12A8713D00027E1FD /* SceneDelegate.swift */ = {isa = PBXFileReference; lastKnownFileType = sourcecode.swift; path = SceneDelegate.swift; sourceTree = "<group>"; };
		CDF18DE32A8713D00027E1FD /* ViewController.swift */ = {isa = PBXFileReference; lastKnownFileType = sourcecode.swift; path = ViewController.swift; sourceTree = "<group>"; };
		CDF18DE82A8713D10027E1FD /* Assets.xcassets */ = {isa = PBXFileReference; lastKnownFileType = folder.assetcatalog; path = Assets.xcassets; sourceTree = "<group>"; };
		CDF18DEB2A8713D10027E1FD /* Base */ = {isa = PBXFileReference; lastKnownFileType = file.storyboard; name = Base; path = Base.lproj/LaunchScreen.storyboard; sourceTree = "<group>"; };
		CDF18DED2A8713D10027E1FD /* Info.plist */ = {isa = PBXFileReference; lastKnownFileType = text.plist.xml; path = Info.plist; sourceTree = "<group>"; };
		CDF18DF42A8714040027E1FD /* ListOfMoviesView.swift */ = {isa = PBXFileReference; lastKnownFileType = sourcecode.swift; path = ListOfMoviesView.swift; sourceTree = "<group>"; };
		CDF18DF62A8714110027E1FD /* ListOfMoviesPresenter.swift */ = {isa = PBXFileReference; lastKnownFileType = sourcecode.swift; path = ListOfMoviesPresenter.swift; sourceTree = "<group>"; };
		CDF18DF82A87141E0027E1FD /* ListOfMoviesInteractor.swift */ = {isa = PBXFileReference; lastKnownFileType = sourcecode.swift; path = ListOfMoviesInteractor.swift; sourceTree = "<group>"; };
		CDF18DFA2A8714290027E1FD /* ListOfMoviesRouter.swift */ = {isa = PBXFileReference; lastKnownFileType = sourcecode.swift; path = ListOfMoviesRouter.swift; sourceTree = "<group>"; };
		CDF18DFD2A8714760027E1FD /* PopularMovieEntity.swift */ = {isa = PBXFileReference; lastKnownFileType = sourcecode.swift; path = PopularMovieEntity.swift; sourceTree = "<group>"; };
		CDF18DFF2A87153D0027E1FD /* PopularMovieResponseEntity.swift */ = {isa = PBXFileReference; lastKnownFileType = sourcecode.swift; path = PopularMovieResponseEntity.swift; sourceTree = "<group>"; };
/* End PBXFileReference section */

/* Begin PBXFrameworksBuildPhase section */
		CDF18DD92A8713D00027E1FD /* Frameworks */ = {
			isa = PBXFrameworksBuildPhase;
			buildActionMask = 2147483647;
			files = (
				CD0061412A8942E400714988 /* Kingfisher in Frameworks */,
			);
			runOnlyForDeploymentPostprocessing = 0;
		};
/* End PBXFrameworksBuildPhase section */

/* Begin PBXGroup section */
		CD0061422A894C7000714988 /* ViewModel */ = {
			isa = PBXGroup;
			children = (
				CD0061432A894C8A00714988 /* ViewModel.swift */,
				CD0061452A894E9D00714988 /* Mapper.swift */,
			);
			path = ViewModel;
			sourceTree = "<group>";
		};
		CDF18DD32A8713D00027E1FD = {
			isa = PBXGroup;
			children = (
				CDF18DDE2A8713D00027E1FD /* Viper */,
				CDF18DDD2A8713D00027E1FD /* Products */,
			);
			sourceTree = "<group>";
		};
		CDF18DDD2A8713D00027E1FD /* Products */ = {
			isa = PBXGroup;
			children = (
				CDF18DDC2A8713D00027E1FD /* Viper.app */,
			);
			name = Products;
			sourceTree = "<group>";
		};
		CDF18DDE2A8713D00027E1FD /* Viper */ = {
			isa = PBXGroup;
			children = (
				CDF18DDF2A8713D00027E1FD /* AppDelegate.swift */,
				CDF18DE12A8713D00027E1FD /* SceneDelegate.swift */,
				CDF18DE32A8713D00027E1FD /* ViewController.swift */,
				CDF18DF32A8713E70027E1FD /* ListOfMovies */,
				CDF18DE82A8713D10027E1FD /* Assets.xcassets */,
				CDF18DEA2A8713D10027E1FD /* LaunchScreen.storyboard */,
				CDF18DED2A8713D10027E1FD /* Info.plist */,
			);
			path = Viper;
			sourceTree = "<group>";
		};
		CDF18DF32A8713E70027E1FD /* ListOfMovies */ = {
			isa = PBXGroup;
			children = (
				CD0061422A894C7000714988 /* ViewModel */,
				CDF18DF42A8714040027E1FD /* ListOfMoviesView.swift */,
				CDF18DF62A8714110027E1FD /* ListOfMoviesPresenter.swift */,
				CDF18DF82A87141E0027E1FD /* ListOfMoviesInteractor.swift */,
				CDF18DFA2A8714290027E1FD /* ListOfMoviesRouter.swift */,
				CD20ED362A88519300516079 /* MovieCellView.swift */,
				CDF18DFC2A87142E0027E1FD /* Entities */,
			);
			path = ListOfMovies;
			sourceTree = "<group>";
		};
		CDF18DFC2A87142E0027E1FD /* Entities */ = {
			isa = PBXGroup;
			children = (
				CDF18DFD2A8714760027E1FD /* PopularMovieEntity.swift */,
				CDF18DFF2A87153D0027E1FD /* PopularMovieResponseEntity.swift */,
			);
			path = Entities;
			sourceTree = "<group>";
		};
/* End PBXGroup section */

/* Begin PBXNativeTarget section */
		CDF18DDB2A8713D00027E1FD /* Viper */ = {
			isa = PBXNativeTarget;
			buildConfigurationList = CDF18DF02A8713D10027E1FD /* Build configuration list for PBXNativeTarget "Viper" */;
			buildPhases = (
				CDF18DD82A8713D00027E1FD /* Sources */,
				CDF18DD92A8713D00027E1FD /* Frameworks */,
				CDF18DDA2A8713D00027E1FD /* Resources */,
			);
			buildRules = (
			);
			dependencies = (
			);
			name = Viper;
			packageProductDependencies = (
				CD0061402A8942E400714988 /* Kingfisher */,
			);
			productName = Viper;
			productReference = CDF18DDC2A8713D00027E1FD /* Viper.app */;
			productType = "com.apple.product-type.application";
		};
/* End PBXNativeTarget section */

/* Begin PBXProject section */
		CDF18DD42A8713D00027E1FD /* Project object */ = {
			isa = PBXProject;
			attributes = {
				BuildIndependentTargetsInParallel = 1;
				LastSwiftUpdateCheck = 1420;
				LastUpgradeCheck = 1420;
				TargetAttributes = {
					CDF18DDB2A8713D00027E1FD = {
						CreatedOnToolsVersion = 14.2;
					};
				};
			};
			buildConfigurationList = CDF18DD72A8713D00027E1FD /* Build configuration list for PBXProject "Viper" */;
			compatibilityVersion = "Xcode 14.0";
			developmentRegion = en;
			hasScannedForEncodings = 0;
			knownRegions = (
				en,
				Base,
			);
			mainGroup = CDF18DD32A8713D00027E1FD;
			packageReferences = (
				CD00613F2A8942E400714988 /* XCRemoteSwiftPackageReference "Kingfisher" */,
			);
			productRefGroup = CDF18DDD2A8713D00027E1FD /* Products */;
			projectDirPath = "";
			projectRoot = "";
			targets = (
				CDF18DDB2A8713D00027E1FD /* Viper */,
			);
		};
/* End PBXProject section */

/* Begin PBXResourcesBuildPhase section */
		CDF18DDA2A8713D00027E1FD /* Resources */ = {
			isa = PBXResourcesBuildPhase;
			buildActionMask = 2147483647;
			files = (
				CDF18DEC2A8713D10027E1FD /* LaunchScreen.storyboard in Resources */,
				CDF18DE92A8713D10027E1FD /* Assets.xcassets in Resources */,
			);
			runOnlyForDeploymentPostprocessing = 0;
		};
/* End PBXResourcesBuildPhase section */

/* Begin PBXSourcesBuildPhase section */
		CDF18DD82A8713D00027E1FD /* Sources */ = {
			isa = PBXSourcesBuildPhase;
			buildActionMask = 2147483647;
			files = (
				CDF18DF52A8714040027E1FD /* ListOfMoviesView.swift in Sources */,
				CDF18DE42A8713D00027E1FD /* ViewController.swift in Sources */,
				CDF18DF92A87141E0027E1FD /* ListOfMoviesInteractor.swift in Sources */,
				CD0061442A894C8A00714988 /* ViewModel.swift in Sources */,
				CD0061462A894E9D00714988 /* Mapper.swift in Sources */,
				CD20ED372A88519300516079 /* MovieCellView.swift in Sources */,
				CDF18DFE2A8714760027E1FD /* PopularMovieEntity.swift in Sources */,
				CDF18DF72A8714110027E1FD /* ListOfMoviesPresenter.swift in Sources */,
				CDF18DFB2A8714290027E1FD /* ListOfMoviesRouter.swift in Sources */,
				CDF18DE02A8713D00027E1FD /* AppDelegate.swift in Sources */,
				CDF18E002A87153D0027E1FD /* PopularMovieResponseEntity.swift in Sources */,
				CDF18DE22A8713D00027E1FD /* SceneDelegate.swift in Sources */,
			);
			runOnlyForDeploymentPostprocessing = 0;
		};
/* End PBXSourcesBuildPhase section */

/* Begin PBXVariantGroup section */
		CDF18DEA2A8713D10027E1FD /* LaunchScreen.storyboard */ = {
			isa = PBXVariantGroup;
			children = (
				CDF18DEB2A8713D10027E1FD /* Base */,
			);
			name = LaunchScreen.storyboard;
			sourceTree = "<group>";
		};
/* End PBXVariantGroup section */

/* Begin XCBuildConfiguration section */
		CDF18DEE2A8713D10027E1FD /* Debug */ = {
			isa = XCBuildConfiguration;
			buildSettings = {
				ALWAYS_SEARCH_USER_PATHS = NO;
				CLANG_ANALYZER_NONNULL = YES;
				CLANG_ANALYZER_NUMBER_OBJECT_CONVERSION = YES_AGGRESSIVE;
				CLANG_CXX_LANGUAGE_STANDARD = "gnu++20";
				CLANG_ENABLE_MODULES = YES;
				CLANG_ENABLE_OBJC_ARC = YES;
				CLANG_ENABLE_OBJC_WEAK = YES;
				CLANG_WARN_BLOCK_CAPTURE_AUTORELEASING = YES;
				CLANG_WARN_BOOL_CONVERSION = YES;
				CLANG_WARN_COMMA = YES;
				CLANG_WARN_CONSTANT_CONVERSION = YES;
				CLANG_WARN_DEPRECATED_OBJC_IMPLEMENTATIONS = YES;
				CLANG_WARN_DIRECT_OBJC_ISA_USAGE = YES_ERROR;
				CLANG_WARN_DOCUMENTATION_COMMENTS = YES;
				CLANG_WARN_EMPTY_BODY = YES;
				CLANG_WARN_ENUM_CONVERSION = YES;
				CLANG_WARN_INFINITE_RECURSION = YES;
				CLANG_WARN_INT_CONVERSION = YES;
				CLANG_WARN_NON_LITERAL_NULL_CONVERSION = YES;
				CLANG_WARN_OBJC_IMPLICIT_RETAIN_SELF = YES;
				CLANG_WARN_OBJC_LITERAL_CONVERSION = YES;
				CLANG_WARN_OBJC_ROOT_CLASS = YES_ERROR;
				CLANG_WARN_QUOTED_INCLUDE_IN_FRAMEWORK_HEADER = YES;
				CLANG_WARN_RANGE_LOOP_ANALYSIS = YES;
				CLANG_WARN_STRICT_PROTOTYPES = YES;
				CLANG_WARN_SUSPICIOUS_MOVE = YES;
				CLANG_WARN_UNGUARDED_AVAILABILITY = YES_AGGRESSIVE;
				CLANG_WARN_UNREACHABLE_CODE = YES;
				CLANG_WARN__DUPLICATE_METHOD_MATCH = YES;
				COPY_PHASE_STRIP = NO;
				DEBUG_INFORMATION_FORMAT = dwarf;
				ENABLE_STRICT_OBJC_MSGSEND = YES;
				ENABLE_TESTABILITY = YES;
				GCC_C_LANGUAGE_STANDARD = gnu11;
				GCC_DYNAMIC_NO_PIC = NO;
				GCC_NO_COMMON_BLOCKS = YES;
				GCC_OPTIMIZATION_LEVEL = 0;
				GCC_PREPROCESSOR_DEFINITIONS = (
					"DEBUG=1",
					"$(inherited)",
				);
				GCC_WARN_64_TO_32_BIT_CONVERSION = YES;
				GCC_WARN_ABOUT_RETURN_TYPE = YES_ERROR;
				GCC_WARN_UNDECLARED_SELECTOR = YES;
				GCC_WARN_UNINITIALIZED_AUTOS = YES_AGGRESSIVE;
				GCC_WARN_UNUSED_FUNCTION = YES;
				GCC_WARN_UNUSED_VARIABLE = YES;
				IPHONEOS_DEPLOYMENT_TARGET = 16.2;
				MTL_ENABLE_DEBUG_INFO = INCLUDE_SOURCE;
				MTL_FAST_MATH = YES;
				ONLY_ACTIVE_ARCH = YES;
				SDKROOT = iphoneos;
				SWIFT_ACTIVE_COMPILATION_CONDITIONS = DEBUG;
				SWIFT_OPTIMIZATION_LEVEL = "-Onone";
			};
			name = Debug;
		};
		CDF18DEF2A8713D10027E1FD /* Release */ = {
			isa = XCBuildConfiguration;
			buildSettings = {
				ALWAYS_SEARCH_USER_PATHS = NO;
				CLANG_ANALYZER_NONNULL = YES;
				CLANG_ANALYZER_NUMBER_OBJECT_CONVERSION = YES_AGGRESSIVE;
				CLANG_CXX_LANGUAGE_STANDARD = "gnu++20";
				CLANG_ENABLE_MODULES = YES;
				CLANG_ENABLE_OBJC_ARC = YES;
				CLANG_ENABLE_OBJC_WEAK = YES;
				CLANG_WARN_BLOCK_CAPTURE_AUTORELEASING = YES;
				CLANG_WARN_BOOL_CONVERSION = YES;
				CLANG_WARN_COMMA = YES;
				CLANG_WARN_CONSTANT_CONVERSION = YES;
				CLANG_WARN_DEPRECATED_OBJC_IMPLEMENTATIONS = YES;
				CLANG_WARN_DIRECT_OBJC_ISA_USAGE = YES_ERROR;
				CLANG_WARN_DOCUMENTATION_COMMENTS = YES;
				CLANG_WARN_EMPTY_BODY = YES;
				CLANG_WARN_ENUM_CONVERSION = YES;
				CLANG_WARN_INFINITE_RECURSION = YES;
				CLANG_WARN_INT_CONVERSION = YES;
				CLANG_WARN_NON_LITERAL_NULL_CONVERSION = YES;
				CLANG_WARN_OBJC_IMPLICIT_RETAIN_SELF = YES;
				CLANG_WARN_OBJC_LITERAL_CONVERSION = YES;
				CLANG_WARN_OBJC_ROOT_CLASS = YES_ERROR;
				CLANG_WARN_QUOTED_INCLUDE_IN_FRAMEWORK_HEADER = YES;
				CLANG_WARN_RANGE_LOOP_ANALYSIS = YES;
				CLANG_WARN_STRICT_PROTOTYPES = YES;
				CLANG_WARN_SUSPICIOUS_MOVE = YES;
				CLANG_WARN_UNGUARDED_AVAILABILITY = YES_AGGRESSIVE;
				CLANG_WARN_UNREACHABLE_CODE = YES;
				CLANG_WARN__DUPLICATE_METHOD_MATCH = YES;
				COPY_PHASE_STRIP = NO;
				DEBUG_INFORMATION_FORMAT = "dwarf-with-dsym";
				ENABLE_NS_ASSERTIONS = NO;
				ENABLE_STRICT_OBJC_MSGSEND = YES;
				GCC_C_LANGUAGE_STANDARD = gnu11;
				GCC_NO_COMMON_BLOCKS = YES;
				GCC_WARN_64_TO_32_BIT_CONVERSION = YES;
				GCC_WARN_ABOUT_RETURN_TYPE = YES_ERROR;
				GCC_WARN_UNDECLARED_SELECTOR = YES;
				GCC_WARN_UNINITIALIZED_AUTOS = YES_AGGRESSIVE;
				GCC_WARN_UNUSED_FUNCTION = YES;
				GCC_WARN_UNUSED_VARIABLE = YES;
				IPHONEOS_DEPLOYMENT_TARGET = 16.2;
				MTL_ENABLE_DEBUG_INFO = NO;
				MTL_FAST_MATH = YES;
				SDKROOT = iphoneos;
				SWIFT_COMPILATION_MODE = wholemodule;
				SWIFT_OPTIMIZATION_LEVEL = "-O";
				VALIDATE_PRODUCT = YES;
			};
			name = Release;
		};
		CDF18DF12A8713D10027E1FD /* Debug */ = {
			isa = XCBuildConfiguration;
			buildSettings = {
				ASSETCATALOG_COMPILER_APPICON_NAME = AppIcon;
				ASSETCATALOG_COMPILER_GLOBAL_ACCENT_COLOR_NAME = AccentColor;
				CODE_SIGN_STYLE = Automatic;
				CURRENT_PROJECT_VERSION = 1;
				GENERATE_INFOPLIST_FILE = YES;
				INFOPLIST_FILE = Viper/Info.plist;
				INFOPLIST_KEY_UIApplicationSupportsIndirectInputEvents = YES;
				INFOPLIST_KEY_UILaunchStoryboardName = LaunchScreen;
				INFOPLIST_KEY_UISupportedInterfaceOrientations_iPad = "UIInterfaceOrientationPortrait UIInterfaceOrientationPortraitUpsideDown UIInterfaceOrientationLandscapeLeft UIInterfaceOrientationLandscapeRight";
				INFOPLIST_KEY_UISupportedInterfaceOrientations_iPhone = "UIInterfaceOrientationPortrait UIInterfaceOrientationLandscapeLeft UIInterfaceOrientationLandscapeRight";
				LD_RUNPATH_SEARCH_PATHS = (
					"$(inherited)",
					"@executable_path/Frameworks",
				);
				MARKETING_VERSION = 1.0;
				PRODUCT_BUNDLE_IDENTIFIER = Alfa.Viper;
				PRODUCT_NAME = "$(TARGET_NAME)";
				SWIFT_EMIT_LOC_STRINGS = YES;
				SWIFT_VERSION = 5.0;
				TARGETED_DEVICE_FAMILY = "1,2";
			};
			name = Debug;
		};
		CDF18DF22A8713D10027E1FD /* Release */ = {
			isa = XCBuildConfiguration;
			buildSettings = {
				ASSETCATALOG_COMPILER_APPICON_NAME = AppIcon;
				ASSETCATALOG_COMPILER_GLOBAL_ACCENT_COLOR_NAME = AccentColor;
				CODE_SIGN_STYLE = Automatic;
				CURRENT_PROJECT_VERSION = 1;
				GENERATE_INFOPLIST_FILE = YES;
				INFOPLIST_FILE = Viper/Info.plist;
				INFOPLIST_KEY_UIApplicationSupportsIndirectInputEvents = YES;
				INFOPLIST_KEY_UILaunchStoryboardName = LaunchScreen;
				INFOPLIST_KEY_UISupportedInterfaceOrientations_iPad = "UIInterfaceOrientationPortrait UIInterfaceOrientationPortraitUpsideDown UIInterfaceOrientationLandscapeLeft UIInterfaceOrientationLandscapeRight";
				INFOPLIST_KEY_UISupportedInterfaceOrientations_iPhone = "UIInterfaceOrientationPortrait UIInterfaceOrientationLandscapeLeft UIInterfaceOrientationLandscapeRight";
				LD_RUNPATH_SEARCH_PATHS = (
					"$(inherited)",
					"@executable_path/Frameworks",
				);
				MARKETING_VERSION = 1.0;
				PRODUCT_BUNDLE_IDENTIFIER = Alfa.Viper;
				PRODUCT_NAME = "$(TARGET_NAME)";
				SWIFT_EMIT_LOC_STRINGS = YES;
				SWIFT_VERSION = 5.0;
				TARGETED_DEVICE_FAMILY = "1,2";
			};
			name = Release;
		};
/* End XCBuildConfiguration section */

/* Begin XCConfigurationList section */
		CDF18DD72A8713D00027E1FD /* Build configuration list for PBXProject "Viper" */ = {
			isa = XCConfigurationList;
			buildConfigurations = (
				CDF18DEE2A8713D10027E1FD /* Debug */,
				CDF18DEF2A8713D10027E1FD /* Release */,
			);
			defaultConfigurationIsVisible = 0;
			defaultConfigurationName = Release;
		};
		CDF18DF02A8713D10027E1FD /* Build configuration list for PBXNativeTarget "Viper" */ = {
			isa = XCConfigurationList;
			buildConfigurations = (
				CDF18DF12A8713D10027E1FD /* Debug */,
				CDF18DF22A8713D10027E1FD /* Release */,
			);
			defaultConfigurationIsVisible = 0;
			defaultConfigurationName = Release;
		};
/* End XCConfigurationList section */

/* Begin XCRemoteSwiftPackageReference section */
		CD00613F2A8942E400714988 /* XCRemoteSwiftPackageReference "Kingfisher" */ = {
			isa = XCRemoteSwiftPackageReference;
			repositoryURL = "https://github.com/onevcat/Kingfisher.git";
			requirement = {
				branch = master;
				kind = branch;
			};
		};
/* End XCRemoteSwiftPackageReference section */

/* Begin XCSwiftPackageProductDependency section */
		CD0061402A8942E400714988 /* Kingfisher */ = {
			isa = XCSwiftPackageProductDependency;
			package = CD00613F2A8942E400714988 /* XCRemoteSwiftPackageReference "Kingfisher" */;
			productName = Kingfisher;
		};
/* End XCSwiftPackageProductDependency section */
	};
	rootObject = CDF18DD42A8713D00027E1FD /* Project object */;
}
